<?xml version="1.0" encoding="utf-8"?>
<Project ToolsVersion="4.0" xmlns="http://schemas.microsoft.com/developer/msbuild/2003">
  <ItemGroup>
    <Filter Include="Source Files">
      <UniqueIdentifier>{4FC737F1-C7A5-4376-A066-2A32D752A2FF}</UniqueIdentifier>
      <Extensions>cpp;c;cc;cxx;def;odl;idl;hpj;bat;asm;asmx</Extensions>
    </Filter>
    <Filter Include="Header Files">
      <UniqueIdentifier>{93995380-89BD-4b04-88EB-625FBE52EBFB}</UniqueIdentifier>
      <Extensions>h;hh;hpp;hxx;hm;inl;inc;ipp;xsd</Extensions>
    </Filter>
    <Filter Include="Resource Files">
      <UniqueIdentifier>{67DA6AB6-F800-4c08-8B7A-83BB121AAD01}</UniqueIdentifier>
      <Extensions>rc;ico;cur;bmp;dlg;rc2;rct;bin;rgs;gif;jpg;jpeg;jpe;resx;tiff;tif;png;wav;mfcribbon-ms</Extensions>
    </Filter>
  </ItemGroup>
  <ItemGroup>
    <ClInclude Include="core\GLFW\glfw3.h">
      <Filter>Header Files</Filter>
    </ClInclude>
    <ClInclude Include="core\GLFW\glfw3native.h">
      <Filter>Header Files</Filter>
    </ClInclude>
    <ClInclude Include="core\renderer\renderer.h">
      <Filter>Header Files</Filter>
    </ClInclude>
    <ClInclude Include="core\renderer\window.h">
      <Filter>Header Files</Filter>
    </ClInclude>
    <ClInclude Include="core\engine\engine_module.h">
      <Filter>Header Files</Filter>
    </ClInclude>
    <ClInclude Include="core\engine\events\_event_type.h">
      <Filter>Header Files</Filter>
    </ClInclude>
    <ClInclude Include="core\engine\events\_event.h">
      <Filter>Header Files</Filter>
    </ClInclude>
    <ClInclude Include="core\engine\events\event_dispatcher.h">
      <Filter>Header Files</Filter>
    </ClInclude>
    <ClInclude Include="core\glad\glad.h">
      <Filter>Header Files</Filter>
    </ClInclude>
    <ClInclude Include="core\KHR\khrplatform.h">
      <Filter>Header Files</Filter>
    </ClInclude>
    <ClInclude Include="core\renderer\shader.h">
      <Filter>Header Files</Filter>
    </ClInclude>
    <ClInclude Include="core\renderer\texture.h">
      <Filter>Header Files</Filter>
    </ClInclude>
    <ClInclude Include="core\util\stb_image.h">
      <Filter>Header Files</Filter>
    </ClInclude>
    <ClInclude Include="core\renderer\camera.h">
      <Filter>Header Files</Filter>
    </ClInclude>
    <ClInclude Include="core\util\logger.h">
      <Filter>Header Files</Filter>
    </ClInclude>
    <ClInclude Include="core\engine\events\mouse_event.h">
      <Filter>Header Files</Filter>
    </ClInclude>
    <ClInclude Include="acinzard\ecs\entity\entity.h">
      <Filter>Header Files</Filter>
    </ClInclude>
    <ClInclude Include="acinzard\ecs\component\component.h">
      <Filter>Header Files</Filter>
    </ClInclude>
    <ClInclude Include="acinzard\ecs\component\component_type.h">
      <Filter>Header Files</Filter>
    </ClInclude>
    <ClInclude Include="acinzard\ecs\component\components\transform.h">
      <Filter>Header Files</Filter>
    </ClInclude>
    <ClInclude Include="acinzard\ecs\component\components\sprite.h">
      <Filter>Header Files</Filter>
    </ClInclude>
    <ClInclude Include="acinzard\ecs\component\components.h">
      <Filter>Header Files</Filter>
    </ClInclude>
    <ClInclude Include="core\input\input_manager.h">
      <Filter>Header Files</Filter>
    </ClInclude>
  </ItemGroup>
  <ItemGroup>
    <ClCompile Include="Main.cpp">
      <Filter>Source Files</Filter>
    </ClCompile>
    <ClCompile Include="core\renderer\renderer.cpp">
      <Filter>Source Files</Filter>
    </ClCompile>
    <ClCompile Include="core\renderer\window.cpp">
      <Filter>Source Files</Filter>
    </ClCompile>
    <ClCompile Include="core\engine\engine_module.cpp">
      <Filter>Source Files</Filter>
    </ClCompile>
    <ClCompile Include="core\engine\events\_event.cpp">
      <Filter>Source Files</Filter>
    </ClCompile>
    <ClCompile Include="core\engine\events\event_dispatcher.cpp">
      <Filter>Source Files</Filter>
    </ClCompile>
    <ClCompile Include="core\glad\glad.c">
      <Filter>Source Files</Filter>
    </ClCompile>
    <ClCompile Include="core\renderer\shader.cpp">
      <Filter>Source Files</Filter>
    </ClCompile>
    <ClCompile Include="core\renderer\texture.cpp">
      <Filter>Source Files</Filter>
    </ClCompile>
    <ClCompile Include="core\util\stb_image.cpp">
      <Filter>Source Files</Filter>
    </ClCompile>
    <ClCompile Include="core\renderer\camera.cpp">
      <Filter>Source Files</Filter>
    </ClCompile>
    <ClCompile Include="core\util\logger.cpp">
      <Filter>Source Files</Filter>
    </ClCompile>
    <ClCompile Include="core\engine\events\mouse_event.cpp">
      <Filter>Source Files</Filter>
    </ClCompile>
    <ClCompile Include="acinzard\ecs\entity\entity.cpp">
      <Filter>Source Files</Filter>
    </ClCompile>
    <ClCompile Include="acinzard\ecs\component\components\transform.cpp">
      <Filter>Source Files</Filter>
    </ClCompile>
    <ClCompile Include="acinzard\ecs\component\components\sprite.cpp">
      <Filter>Source Files</Filter>
    </ClCompile>
    <ClCompile Include="core\input\input_manager.cpp">
      <Filter>Source Files</Filter>
    </ClCompile>
  </ItemGroup>
  <ItemGroup>
    <None Include="res\shaders\main.v" />
    <None Include="res\shaders\main.f" />
    <None Include="res\shaders\text.f" />
    <None Include="res\shaders\text.v" />
  </ItemGroup>
</Project>